
Microsoft Visual Studio Solution File, Format Version 12.00
# Visual Studio Version 17
VisualStudioVersion = 17.2.32630.192
MinimumVisualStudioVersion = 10.0.40219.1
Project("{9A19103F-16F7-4668-BE54-9A1E7A4F7556}") = "MCFBuilder", "MCFBuilder.csproj", "{9D09E8FF-10C3-46BF-9BA4-CD3283331920}"
EndProject
Project("{9A19103F-16F7-4668-BE54-9A1E7A4F7556}") = "MCFBuilderTest", "..\MCFBuilderTest\MCFBuilderTest.csproj", "{2711196D-E697-49EB-A3AB-464647D081E9}"
EndProject
Project("{2150E333-8FDC-42A3-9474-1A3956D46DE8}") = "Solution Items", "Solution Items", "{FDD9E998-8FCA-4184-BE07-69BF8ACCF033}"
	ProjectSection(SolutionItems) = preProject
		.editorconfig = .editorconfig
	EndProjectSection
EndProject
Project("{9A19103F-16F7-4668-BE54-9A1E7A4F7556}") = "CommonTempTest", "..\CommonTempTest\CommonTempTest.csproj", "{2C553839-1CDE-4450-96EB-3A18C495E1ED}"
EndProject
Global
	GlobalSection(SolutionConfigurationPlatforms) = preSolution
		Debug|Any CPU = Debug|Any CPU
		Release|Any CPU = Release|Any CPU
	EndGlobalSection
	GlobalSection(ProjectConfigurationPlatforms) = postSolution
		{9D09E8FF-10C3-46BF-9BA4-CD3283331920}.Debug|Any CPU.ActiveCfg = Debug|Any CPU
		{9D09E8FF-10C3-46BF-9BA4-CD3283331920}.Debug|Any CPU.Build.0 = Debug|Any CPU
		{9D09E8FF-10C3-46BF-9BA4-CD3283331920}.Release|Any CPU.ActiveCfg = Release|Any CPU
		{9D09E8FF-10C3-46BF-9BA4-CD3283331920}.Release|Any CPU.Build.0 = Release|Any CPU
		{2711196D-E697-49EB-A3AB-464647D081E9}.Debug|Any CPU.ActiveCfg = Debug|Any CPU
		{2711196D-E697-49EB-A3AB-464647D081E9}.Debug|Any CPU.Build.0 = Debug|Any CPU
		{2711196D-E697-49EB-A3AB-464647D081E9}.Release|Any CPU.ActiveCfg = Release|Any CPU
		{2711196D-E697-49EB-A3AB-464647D081E9}.Release|Any CPU.Build.0 = Release|Any CPU
		{2C553839-1CDE-4450-96EB-3A18C495E1ED}.Debug|Any CPU.ActiveCfg = Debug|Any CPU
		{2C553839-1CDE-4450-96EB-3A18C495E1ED}.Debug|Any CPU.Build.0 = Debug|Any CPU
		{2C553839-1CDE-4450-96EB-3A18C495E1ED}.Release|Any CPU.ActiveCfg = Release|Any CPU
		{2C553839-1CDE-4450-96EB-3A18C495E1ED}.Release|Any CPU.Build.0 = Release|Any CPU
	EndGlobalSection
	GlobalSection(SolutionProperties) = preSolution
		HideSolutionNode = FALSE
	EndGlobalSection
	GlobalSection(ExtensibilityGlobals) = postSolution
		SolutionGuid = {74AE11B2-4F24-4FFE-B237-6CAE83BA22E2}
	EndGlobalSection
EndGlobal
